
Microsoft Visual Studio Solution File, Format Version 12.00
# Visual Studio Version 17
VisualStudioVersion = 17.7.34221.43
MinimumVisualStudioVersion = 10.0.40219.1
Project("{8BC9CEB8-8B4A-11D0-8D11-00A0C91BC942}") = "lab10.1_A", "lab10.1_A\lab10.1_A.vcxproj", "{03DA2D54-A6F4-4AFB-9C0B-1EE8F30EFC4B}"
EndProject
Project("{8BC9CEB8-8B4A-11D0-8D11-00A0C91BC942}") = "UnitTest10.1_A", "UnitTest10.1_A\UnitTest10.1_A.vcxproj", "{E67D3AED-E6B2-41A4-AB83-82F4B5390F40}"
EndProject
Global
	GlobalSection(SolutionConfigurationPlatforms) = preSolution
		Debug|x64 = Debug|x64
		Debug|x86 = Debug|x86
		Release|x64 = Release|x64
		Release|x86 = Release|x86
	EndGlobalSection
	GlobalSection(ProjectConfigurationPlatforms) = postSolution
		{03DA2D54-A6F4-4AFB-9C0B-1EE8F30EFC4B}.Debug|x64.ActiveCfg = Debug|x64
		{03DA2D54-A6F4-4AFB-9C0B-1EE8F30EFC4B}.Debug|x64.Build.0 = Debug|x64
		{03DA2D54-A6F4-4AFB-9C0B-1EE8F30EFC4B}.Debug|x86.ActiveCfg = Debug|Win32
		{03DA2D54-A6F4-4AFB-9C0B-1EE8F30EFC4B}.Debug|x86.Build.0 = Debug|Win32
		{03DA2D54-A6F4-4AFB-9C0B-1EE8F30EFC4B}.Release|x64.ActiveCfg = Release|x64
		{03DA2D54-A6F4-4AFB-9C0B-1EE8F30EFC4B}.Release|x64.Build.0 = Release|x64
		{03DA2D54-A6F4-4AFB-9C0B-1EE8F30EFC4B}.Release|x86.ActiveCfg = Release|Win32
		{03DA2D54-A6F4-4AFB-9C0B-1EE8F30EFC4B}.Release|x86.Build.0 = Release|Win32
		{E67D3AED-E6B2-41A4-AB83-82F4B5390F40}.Debug|x64.ActiveCfg = Debug|x64
		{E67D3AED-E6B2-41A4-AB83-82F4B5390F40}.Debug|x64.Build.0 = Debug|x64
		{E67D3AED-E6B2-41A4-AB83-82F4B5390F40}.Debug|x86.ActiveCfg = Debug|Win32
		{E67D3AED-E6B2-41A4-AB83-82F4B5390F40}.Debug|x86.Build.0 = Debug|Win32
		{E67D3AED-E6B2-41A4-AB83-82F4B5390F40}.Release|x64.ActiveCfg = Release|x64
		{E67D3AED-E6B2-41A4-AB83-82F4B5390F40}.Release|x64.Build.0 = Release|x64
		{E67D3AED-E6B2-41A4-AB83-82F4B5390F40}.Release|x86.ActiveCfg = Release|Win32
		{E67D3AED-E6B2-41A4-AB83-82F4B5390F40}.Release|x86.Build.0 = Release|Win32
	EndGlobalSection
	GlobalSection(SolutionProperties) = preSolution
		HideSolutionNode = FALSE
	EndGlobalSection
	GlobalSection(ExtensibilityGlobals) = postSolution
		SolutionGuid = {AAC4A5D1-3976-42BB-A691-DF7B1FD86A92}
	EndGlobalSection
EndGlobal
